// !$*UTF8*$!
{
	archiveVersion = 1;
	classes = {
	};
	objectVersion = 55;
	objects = {

/* Begin PBXBuildFile section */
		6D6DC446280AA1AB006216ED /* FilterViewController.swift in Sources */ = {isa = PBXBuildFile; fileRef = 6D6DC445280AA1AB006216ED /* FilterViewController.swift */; };
		6D6DC448280AA264006216ED /* CustomCollectionViewCell.swift in Sources */ = {isa = PBXBuildFile; fileRef = 6D6DC447280AA264006216ED /* CustomCollectionViewCell.swift */; };
		6D8F66D428113D9400C22546 /* NewsDataModel.swift in Sources */ = {isa = PBXBuildFile; fileRef = 6D8F66D328113D9400C22546 /* NewsDataModel.swift */; };
		6D8F66D628113DFF00C22546 /* APIManager.swift in Sources */ = {isa = PBXBuildFile; fileRef = 6D8F66D528113DFF00C22546 /* APIManager.swift */; };
		6DC65E392811397F001FDDC8 /* SourceWebNewsViewController.swift in Sources */ = {isa = PBXBuildFile; fileRef = 6DC65E382811397F001FDDC8 /* SourceWebNewsViewController.swift */; };
		6DC65E3B28113C2A001FDDC8 /* Extensions.swift in Sources */ = {isa = PBXBuildFile; fileRef = 6DC65E3A28113C2A001FDDC8 /* Extensions.swift */; };
		6DE8781F27ED95D600D237EA /* AppDelegate.swift in Sources */ = {isa = PBXBuildFile; fileRef = 6DE8781E27ED95D600D237EA /* AppDelegate.swift */; };
		6DE8782127ED95D600D237EA /* SceneDelegate.swift in Sources */ = {isa = PBXBuildFile; fileRef = 6DE8782027ED95D600D237EA /* SceneDelegate.swift */; };
		6DE8782327ED95D600D237EA /* HomeViewController.swift in Sources */ = {isa = PBXBuildFile; fileRef = 6DE8782227ED95D600D237EA /* HomeViewController.swift */; };
		6DE8782627ED95D600D237EA /* Main.storyboard in Resources */ = {isa = PBXBuildFile; fileRef = 6DE8782427ED95D600D237EA /* Main.storyboard */; };
		6DE8782827ED95D700D237EA /* Assets.xcassets in Resources */ = {isa = PBXBuildFile; fileRef = 6DE8782727ED95D700D237EA /* Assets.xcassets */; };
		6DE8782B27ED95D700D237EA /* LaunchScreen.storyboard in Resources */ = {isa = PBXBuildFile; fileRef = 6DE8782927ED95D700D237EA /* LaunchScreen.storyboard */; };
		6DE8783327EE40D500D237EA /* newsCardTableViewCell.swift in Sources */ = {isa = PBXBuildFile; fileRef = 6DE8783227EE40D500D237EA /* newsCardTableViewCell.swift */; };
		BDD552494CE837DD76D0AF77 /* Pods_NewsAPI_iOS.framework in Frameworks */ = {isa = PBXBuildFile; fileRef = 43914D7C033504A7572ADEAA /* Pods_NewsAPI_iOS.framework */; };
/* End PBXBuildFile section */

/* Begin PBXFileReference section */
		43914D7C033504A7572ADEAA /* Pods_NewsAPI_iOS.framework */ = {isa = PBXFileReference; explicitFileType = wrapper.framework; includeInIndex = 0; path = Pods_NewsAPI_iOS.framework; sourceTree = BUILT_PRODUCTS_DIR; };
		6D6DC445280AA1AB006216ED /* FilterViewController.swift */ = {isa = PBXFileReference; lastKnownFileType = sourcecode.swift; path = FilterViewController.swift; sourceTree = "<group>"; };
		6D6DC447280AA264006216ED /* CustomCollectionViewCell.swift */ = {isa = PBXFileReference; lastKnownFileType = sourcecode.swift; path = CustomCollectionViewCell.swift; sourceTree = "<group>"; };
		6D8F66D328113D9400C22546 /* NewsDataModel.swift */ = {isa = PBXFileReference; lastKnownFileType = sourcecode.swift; path = NewsDataModel.swift; sourceTree = "<group>"; };
		6D8F66D528113DFF00C22546 /* APIManager.swift */ = {isa = PBXFileReference; lastKnownFileType = sourcecode.swift; path = APIManager.swift; sourceTree = "<group>"; };
		6DC65E382811397F001FDDC8 /* SourceWebNewsViewController.swift */ = {isa = PBXFileReference; lastKnownFileType = sourcecode.swift; path = SourceWebNewsViewController.swift; sourceTree = "<group>"; };
		6DC65E3A28113C2A001FDDC8 /* Extensions.swift */ = {isa = PBXFileReference; lastKnownFileType = sourcecode.swift; path = Extensions.swift; sourceTree = "<group>"; };
		6DE8781B27ED95D600D237EA /* NewsAPI_iOS.app */ = {isa = PBXFileReference; explicitFileType = wrapper.application; includeInIndex = 0; path = NewsAPI_iOS.app; sourceTree = BUILT_PRODUCTS_DIR; };
		6DE8781E27ED95D600D237EA /* AppDelegate.swift */ = {isa = PBXFileReference; lastKnownFileType = sourcecode.swift; path = AppDelegate.swift; sourceTree = "<group>"; };
		6DE8782027ED95D600D237EA /* SceneDelegate.swift */ = {isa = PBXFileReference; lastKnownFileType = sourcecode.swift; path = SceneDelegate.swift; sourceTree = "<group>"; };
		6DE8782227ED95D600D237EA /* HomeViewController.swift */ = {isa = PBXFileReference; lastKnownFileType = sourcecode.swift; path = HomeViewController.swift; sourceTree = "<group>"; };
		6DE8782527ED95D600D237EA /* Base */ = {isa = PBXFileReference; lastKnownFileType = file.storyboard; name = Base; path = Base.lproj/Main.storyboard; sourceTree = "<group>"; };
		6DE8782727ED95D700D237EA /* Assets.xcassets */ = {isa = PBXFileReference; lastKnownFileType = folder.assetcatalog; path = Assets.xcassets; sourceTree = "<group>"; };
		6DE8782A27ED95D700D237EA /* Base */ = {isa = PBXFileReference; lastKnownFileType = file.storyboard; name = Base; path = Base.lproj/LaunchScreen.storyboard; sourceTree = "<group>"; };
		6DE8782C27ED95D700D237EA /* Info.plist */ = {isa = PBXFileReference; lastKnownFileType = text.plist.xml; path = Info.plist; sourceTree = "<group>"; };
		6DE8783227EE40D500D237EA /* newsCardTableViewCell.swift */ = {isa = PBXFileReference; lastKnownFileType = sourcecode.swift; path = newsCardTableViewCell.swift; sourceTree = "<group>"; };
		D9DC16F4097B6ABD7385973F /* Pods-NewsAPI_iOS.debug.xcconfig */ = {isa = PBXFileReference; includeInIndex = 1; lastKnownFileType = text.xcconfig; name = "Pods-NewsAPI_iOS.debug.xcconfig"; path = "Target Support Files/Pods-NewsAPI_iOS/Pods-NewsAPI_iOS.debug.xcconfig"; sourceTree = "<group>"; };
		E77F124788D107F1282F3334 /* Pods-NewsAPI_iOS.release.xcconfig */ = {isa = PBXFileReference; includeInIndex = 1; lastKnownFileType = text.xcconfig; name = "Pods-NewsAPI_iOS.release.xcconfig"; path = "Target Support Files/Pods-NewsAPI_iOS/Pods-NewsAPI_iOS.release.xcconfig"; sourceTree = "<group>"; };
/* End PBXFileReference section */

/* Begin PBXFrameworksBuildPhase section */
		6DE8781827ED95D600D237EA /* Frameworks */ = {
			isa = PBXFrameworksBuildPhase;
			buildActionMask = 2147483647;
			files = (
				BDD552494CE837DD76D0AF77 /* Pods_NewsAPI_iOS.framework in Frameworks */,
			);
			runOnlyForDeploymentPostprocessing = 0;
		};
/* End PBXFrameworksBuildPhase section */

/* Begin PBXGroup section */
		21E3DCA97F65B81E60B9F7E0 /* Frameworks */ = {
			isa = PBXGroup;
			children = (
				43914D7C033504A7572ADEAA /* Pods_NewsAPI_iOS.framework */,
			);
			name = Frameworks;
			sourceTree = "<group>";
		};
		60A01A9173898555937FE077 /* Pods */ = {
			isa = PBXGroup;
			children = (
				D9DC16F4097B6ABD7385973F /* Pods-NewsAPI_iOS.debug.xcconfig */,
				E77F124788D107F1282F3334 /* Pods-NewsAPI_iOS.release.xcconfig */,
			);
			path = Pods;
			sourceTree = "<group>";
		};
		6D8F66D72812B19000C22546 /* Model */ = {
			isa = PBXGroup;
			children = (
				6D8F66D328113D9400C22546 /* NewsDataModel.swift */,
			);
			path = Model;
			sourceTree = "<group>";
		};
		6D8F66D82812B1A000C22546 /* Controller */ = {
			isa = PBXGroup;
			children = (
				6DC65E382811397F001FDDC8 /* SourceWebNewsViewController.swift */,
				6D6DC445280AA1AB006216ED /* FilterViewController.swift */,
				6DE8782227ED95D600D237EA /* HomeViewController.swift */,
			);
			path = Controller;
			sourceTree = "<group>";
		};
		6D8F66D92812B1B200C22546 /* View */ = {
			isa = PBXGroup;
			children = (
				6DE8782427ED95D600D237EA /* Main.storyboard */,
				6D6DC447280AA264006216ED /* CustomCollectionViewCell.swift */,
				6DE8783227EE40D500D237EA /* newsCardTableViewCell.swift */,
			);
			path = View;
			sourceTree = "<group>";
		};
		6D8F66DA2812B1BD00C22546 /* Helper */ = {
			isa = PBXGroup;
			children = (
				6DE8782027ED95D600D237EA /* SceneDelegate.swift */,
				6DE8781E27ED95D600D237EA /* AppDelegate.swift */,
				6DC65E3A28113C2A001FDDC8 /* Extensions.swift */,
			);
			path = Helper;
			sourceTree = "<group>";
		};
		6D8F66DB2812B1C500C22546 /* Networking */ = {
			isa = PBXGroup;
			children = (
				6D8F66D528113DFF00C22546 /* APIManager.swift */,
			);
			path = Networking;
			sourceTree = "<group>";
		};
		6DE8781227ED95D600D237EA = {
			isa = PBXGroup;
			children = (
				6DE8781D27ED95D600D237EA /* NewsAPI_iOS */,
				6DE8781C27ED95D600D237EA /* Products */,
				60A01A9173898555937FE077 /* Pods */,
				21E3DCA97F65B81E60B9F7E0 /* Frameworks */,
			);
			sourceTree = "<group>";
		};
		6DE8781C27ED95D600D237EA /* Products */ = {
			isa = PBXGroup;
			children = (
				6DE8781B27ED95D600D237EA /* NewsAPI_iOS.app */,
			);
			name = Products;
			sourceTree = "<group>";
		};
		6DE8781D27ED95D600D237EA /* NewsAPI_iOS */ = {
			isa = PBXGroup;
			children = (
				6D8F66DB2812B1C500C22546 /* Networking */,
				6D8F66DA2812B1BD00C22546 /* Helper */,
				6D8F66D92812B1B200C22546 /* View */,
				6D8F66D82812B1A000C22546 /* Controller */,
				6D8F66D72812B19000C22546 /* Model */,
				6DE8782727ED95D700D237EA /* Assets.xcassets */,
				6DE8782927ED95D700D237EA /* LaunchScreen.storyboard */,
				6DE8782C27ED95D700D237EA /* Info.plist */,
			);
			path = NewsAPI_iOS;
			sourceTree = "<group>";
		};
/* End PBXGroup section */

/* Begin PBXNativeTarget section */
		6DE8781A27ED95D600D237EA /* NewsAPI_iOS */ = {
			isa = PBXNativeTarget;
			buildConfigurationList = 6DE8782F27ED95D700D237EA /* Build configuration list for PBXNativeTarget "NewsAPI_iOS" */;
			buildPhases = (
				7D0F059256FF2704F3250B31 /* [CP] Check Pods Manifest.lock */,
				6DE8781727ED95D600D237EA /* Sources */,
				6DE8781827ED95D600D237EA /* Frameworks */,
				6DE8781927ED95D600D237EA /* Resources */,
				931A3A3367E3FFFA8506E44C /* [CP] Embed Pods Frameworks */,
			);
			buildRules = (
			);
			dependencies = (
			);
			name = NewsAPI_iOS;
			productName = NewsAPI_iOS;
			productReference = 6DE8781B27ED95D600D237EA /* NewsAPI_iOS.app */;
			productType = "com.apple.product-type.application";
		};
/* End PBXNativeTarget section */

/* Begin PBXProject section */
		6DE8781327ED95D600D237EA /* Project object */ = {
			isa = PBXProject;
			attributes = {
				BuildIndependentTargetsInParallel = 1;
				LastSwiftUpdateCheck = 1320;
				LastUpgradeCheck = 1320;
				TargetAttributes = {
					6DE8781A27ED95D600D237EA = {
						CreatedOnToolsVersion = 13.2.1;
					};
				};
			};
			buildConfigurationList = 6DE8781627ED95D600D237EA /* Build configuration list for PBXProject "NewsAPI_iOS" */;
			compatibilityVersion = "Xcode 13.0";
			developmentRegion = en;
			hasScannedForEncodings = 0;
			knownRegions = (
				en,
				Base,
			);
			mainGroup = 6DE8781227ED95D600D237EA;
			productRefGroup = 6DE8781C27ED95D600D237EA /* Products */;
			projectDirPath = "";
			projectRoot = "";
			targets = (
				6DE8781A27ED95D600D237EA /* NewsAPI_iOS */,
			);
		};
/* End PBXProject section */

/* Begin PBXResourcesBuildPhase section */
		6DE8781927ED95D600D237EA /* Resources */ = {
			isa = PBXResourcesBuildPhase;
			buildActionMask = 2147483647;
			files = (
				6DE8782B27ED95D700D237EA /* LaunchScreen.storyboard in Resources */,
				6DE8782827ED95D700D237EA /* Assets.xcassets in Resources */,
				6DE8782627ED95D600D237EA /* Main.storyboard in Resources */,
			);
			runOnlyForDeploymentPostprocessing = 0;
		};
/* End PBXResourcesBuildPhase section */

/* Begin PBXShellScriptBuildPhase section */
		7D0F059256FF2704F3250B31 /* [CP] Check Pods Manifest.lock */ = {
			isa = PBXShellScriptBuildPhase;
			buildActionMask = 2147483647;
			files = (
			);
			inputFileListPaths = (
			);
			inputPaths = (
				"${PODS_PODFILE_DIR_PATH}/Podfile.lock",
				"${PODS_ROOT}/Manifest.lock",
			);
			name = "[CP] Check Pods Manifest.lock";
			outputFileListPaths = (
			);
			outputPaths = (
				"$(DERIVED_FILE_DIR)/Pods-NewsAPI_iOS-checkManifestLockResult.txt",
			);
			runOnlyForDeploymentPostprocessing = 0;
			shellPath = /bin/sh;
			shellScript = "diff \"${PODS_PODFILE_DIR_PATH}/Podfile.lock\" \"${PODS_ROOT}/Manifest.lock\" > /dev/null\nif [ $? != 0 ] ; then\n    # print error to STDERR\n    echo \"error: The sandbox is not in sync with the Podfile.lock. Run 'pod install' or update your CocoaPods installation.\" >&2\n    exit 1\nfi\n# This output is used by Xcode 'outputs' to avoid re-running this script phase.\necho \"SUCCESS\" > \"${SCRIPT_OUTPUT_FILE_0}\"\n";
			showEnvVarsInLog = 0;
		};
		931A3A3367E3FFFA8506E44C /* [CP] Embed Pods Frameworks */ = {
			isa = PBXShellScriptBuildPhase;
			buildActionMask = 2147483647;
			files = (
			);
			inputFileListPaths = (
				"${PODS_ROOT}/Target Support Files/Pods-NewsAPI_iOS/Pods-NewsAPI_iOS-frameworks-${CONFIGURATION}-input-files.xcfilelist",
			);
			name = "[CP] Embed Pods Frameworks";
			outputFileListPaths = (
				"${PODS_ROOT}/Target Support Files/Pods-NewsAPI_iOS/Pods-NewsAPI_iOS-frameworks-${CONFIGURATION}-output-files.xcfilelist",
			);
			runOnlyForDeploymentPostprocessing = 0;
			shellPath = /bin/sh;
			shellScript = "\"${PODS_ROOT}/Target Support Files/Pods-NewsAPI_iOS/Pods-NewsAPI_iOS-frameworks.sh\"\n";
			showEnvVarsInLog = 0;
		};
/* End PBXShellScriptBuildPhase section */

/* Begin PBXSourcesBuildPhase section */
		6DE8781727ED95D600D237EA /* Sources */ = {
			isa = PBXSourcesBuildPhase;
			buildActionMask = 2147483647;
			files = (
				6DC65E392811397F001FDDC8 /* SourceWebNewsViewController.swift in Sources */,
				6DE8783327EE40D500D237EA /* newsCardTableViewCell.swift in Sources */,
				6D8F66D628113DFF00C22546 /* APIManager.swift in Sources */,
				6D8F66D428113D9400C22546 /* NewsDataModel.swift in Sources */,
				6D6DC448280AA264006216ED /* CustomCollectionViewCell.swift in Sources */,
				6DC65E3B28113C2A001FDDC8 /* Extensions.swift in Sources */,
				6DE8782327ED95D600D237EA /* HomeViewController.swift in Sources */,
				6DE8781F27ED95D600D237EA /* AppDelegate.swift in Sources */,
				6DE8782127ED95D600D237EA /* SceneDelegate.swift in Sources */,
				6D6DC446280AA1AB006216ED /* FilterViewController.swift in Sources */,
			);
			runOnlyForDeploymentPostprocessing = 0;
		};
/* End PBXSourcesBuildPhase section */

/* Begin PBXVariantGroup section */
		6DE8782427ED95D600D237EA /* Main.storyboard */ = {
			isa = PBXVariantGroup;
			children = (
				6DE8782527ED95D600D237EA /* Base */,
			);
			name = Main.storyboard;
			sourceTree = "<group>";
		};
		6DE8782927ED95D700D237EA /* LaunchScreen.storyboard */ = {
			isa = PBXVariantGroup;
			children = (
				6DE8782A27ED95D700D237EA /* Base */,
			);
			name = LaunchScreen.storyboard;
			sourceTree = "<group>";
		};
/* End PBXVariantGroup section */

/* Begin XCBuildConfiguration section */
		6DE8782D27ED95D700D237EA /* Debug */ = {
			isa = XCBuildConfiguration;
			buildSettings = {
				ALWAYS_SEARCH_USER_PATHS = NO;
				CLANG_ANALYZER_NONNULL = YES;
				CLANG_ANALYZER_NUMBER_OBJECT_CONVERSION = YES_AGGRESSIVE;
				CLANG_CXX_LANGUAGE_STANDARD = "gnu++17";
				CLANG_CXX_LIBRARY = "libc++";
				CLANG_ENABLE_MODULES = YES;
				CLANG_ENABLE_OBJC_ARC = YES;
				CLANG_ENABLE_OBJC_WEAK = YES;
				CLANG_WARN_BLOCK_CAPTURE_AUTORELEASING = YES;
				CLANG_WARN_BOOL_CONVERSION = YES;
				CLANG_WARN_COMMA = YES;
				CLANG_WARN_CONSTANT_CONVERSION = YES;
				CLANG_WARN_DEPRECATED_OBJC_IMPLEMENTATIONS = YES;
				CLANG_WARN_DIRECT_OBJC_ISA_USAGE = YES_ERROR;
				CLANG_WARN_DOCUMENTATION_COMMENTS = YES;
				CLANG_WARN_EMPTY_BODY = YES;
				CLANG_WARN_ENUM_CONVERSION = YES;
				CLANG_WARN_INFINITE_RECURSION = YES;
				CLANG_WARN_INT_CONVERSION = YES;
				CLANG_WARN_NON_LITERAL_NULL_CONVERSION = YES;
				CLANG_WARN_OBJC_IMPLICIT_RETAIN_SELF = YES;
				CLANG_WARN_OBJC_LITERAL_CONVERSION = YES;
				CLANG_WARN_OBJC_ROOT_CLASS = YES_ERROR;
				CLANG_WARN_QUOTED_INCLUDE_IN_FRAMEWORK_HEADER = YES;
				CLANG_WARN_RANGE_LOOP_ANALYSIS = YES;
				CLANG_WARN_STRICT_PROTOTYPES = YES;
				CLANG_WARN_SUSPICIOUS_MOVE = YES;
				CLANG_WARN_UNGUARDED_AVAILABILITY = YES_AGGRESSIVE;
				CLANG_WARN_UNREACHABLE_CODE = YES;
				CLANG_WARN__DUPLICATE_METHOD_MATCH = YES;
				COPY_PHASE_STRIP = NO;
				DEBUG_INFORMATION_FORMAT = dwarf;
				ENABLE_STRICT_OBJC_MSGSEND = YES;
				ENABLE_TESTABILITY = YES;
				GCC_C_LANGUAGE_STANDARD = gnu11;
				GCC_DYNAMIC_NO_PIC = NO;
				GCC_NO_COMMON_BLOCKS = YES;
				GCC_OPTIMIZATION_LEVEL = 0;
				GCC_PREPROCESSOR_DEFINITIONS = (
					"DEBUG=1",
					"$(inherited)",
				);
				GCC_WARN_64_TO_32_BIT_CONVERSION = YES;
				GCC_WARN_ABOUT_RETURN_TYPE = YES_ERROR;
				GCC_WARN_UNDECLARED_SELECTOR = YES;
				GCC_WARN_UNINITIALIZED_AUTOS = YES_AGGRESSIVE;
				GCC_WARN_UNUSED_FUNCTION = YES;
				GCC_WARN_UNUSED_VARIABLE = YES;
				IPHONEOS_DEPLOYMENT_TARGET = 15.2;
				MTL_ENABLE_DEBUG_INFO = INCLUDE_SOURCE;
				MTL_FAST_MATH = YES;
				ONLY_ACTIVE_ARCH = YES;
				SDKROOT = iphoneos;
				SWIFT_ACTIVE_COMPILATION_CONDITIONS = DEBUG;
				SWIFT_OPTIMIZATION_LEVEL = "-Onone";
			};
			name = Debug;
		};
		6DE8782E27ED95D700D237EA /* Release */ = {
			isa = XCBuildConfiguration;
			buildSettings = {
				ALWAYS_SEARCH_USER_PATHS = NO;
				CLANG_ANALYZER_NONNULL = YES;
				CLANG_ANALYZER_NUMBER_OBJECT_CONVERSION = YES_AGGRESSIVE;
				CLANG_CXX_LANGUAGE_STANDARD = "gnu++17";
				CLANG_CXX_LIBRARY = "libc++";
				CLANG_ENABLE_MODULES = YES;
				CLANG_ENABLE_OBJC_ARC = YES;
				CLANG_ENABLE_OBJC_WEAK = YES;
				CLANG_WARN_BLOCK_CAPTURE_AUTORELEASING = YES;
				CLANG_WARN_BOOL_CONVERSION = YES;
				CLANG_WARN_COMMA = YES;
				CLANG_WARN_CONSTANT_CONVERSION = YES;
				CLANG_WARN_DEPRECATED_OBJC_IMPLEMENTATIONS = YES;
				CLANG_WARN_DIRECT_OBJC_ISA_USAGE = YES_ERROR;
				CLANG_WARN_DOCUMENTATION_COMMENTS = YES;
				CLANG_WARN_EMPTY_BODY = YES;
				CLANG_WARN_ENUM_CONVERSION = YES;
				CLANG_WARN_INFINITE_RECURSION = YES;
				CLANG_WARN_INT_CONVERSION = YES;
				CLANG_WARN_NON_LITERAL_NULL_CONVERSION = YES;
				CLANG_WARN_OBJC_IMPLICIT_RETAIN_SELF = YES;
				CLANG_WARN_OBJC_LITERAL_CONVERSION = YES;
				CLANG_WARN_OBJC_ROOT_CLASS = YES_ERROR;
				CLANG_WARN_QUOTED_INCLUDE_IN_FRAMEWORK_HEADER = YES;
				CLANG_WARN_RANGE_LOOP_ANALYSIS = YES;
				CLANG_WARN_STRICT_PROTOTYPES = YES;
				CLANG_WARN_SUSPICIOUS_MOVE = YES;
				CLANG_WARN_UNGUARDED_AVAILABILITY = YES_AGGRESSIVE;
				CLANG_WARN_UNREACHABLE_CODE = YES;
				CLANG_WARN__DUPLICATE_METHOD_MATCH = YES;
				COPY_PHASE_STRIP = NO;
				DEBUG_INFORMATION_FORMAT = "dwarf-with-dsym";
				ENABLE_NS_ASSERTIONS = NO;
				ENABLE_STRICT_OBJC_MSGSEND = YES;
				GCC_C_LANGUAGE_STANDARD = gnu11;
				GCC_NO_COMMON_BLOCKS = YES;
				GCC_WARN_64_TO_32_BIT_CONVERSION = YES;
				GCC_WARN_ABOUT_RETURN_TYPE = YES_ERROR;
				GCC_WARN_UNDECLARED_SELECTOR = YES;
				GCC_WARN_UNINITIALIZED_AUTOS = YES_AGGRESSIVE;
				GCC_WARN_UNUSED_FUNCTION = YES;
				GCC_WARN_UNUSED_VARIABLE = YES;
				IPHONEOS_DEPLOYMENT_TARGET = 15.2;
				MTL_ENABLE_DEBUG_INFO = NO;
				MTL_FAST_MATH = YES;
				SDKROOT = iphoneos;
				SWIFT_COMPILATION_MODE = wholemodule;
				SWIFT_OPTIMIZATION_LEVEL = "-O";
				VALIDATE_PRODUCT = YES;
			};
			name = Release;
		};
		6DE8783027ED95D700D237EA /* Debug */ = {
			isa = XCBuildConfiguration;
			baseConfigurationReference = D9DC16F4097B6ABD7385973F /* Pods-NewsAPI_iOS.debug.xcconfig */;
			buildSettings = {
				ASSETCATALOG_COMPILER_APPICON_NAME = AppIcon;
				ASSETCATALOG_COMPILER_GLOBAL_ACCENT_COLOR_NAME = AccentColor;
				CODE_SIGN_STYLE = Automatic;
				CURRENT_PROJECT_VERSION = 1;
				DEVELOPMENT_TEAM = UZ99UKNXZV;
				GENERATE_INFOPLIST_FILE = YES;
				INFOPLIST_FILE = NewsAPI_iOS/Info.plist;
				INFOPLIST_KEY_UIApplicationSupportsIndirectInputEvents = YES;
				INFOPLIST_KEY_UILaunchStoryboardName = LaunchScreen;
				INFOPLIST_KEY_UIMainStoryboardFile = Main;
				INFOPLIST_KEY_UISupportedInterfaceOrientations_iPad = "UIInterfaceOrientationPortrait UIInterfaceOrientationPortraitUpsideDown UIInterfaceOrientationLandscapeLeft UIInterfaceOrientationLandscapeRight";
				INFOPLIST_KEY_UISupportedInterfaceOrientations_iPhone = "UIInterfaceOrientationPortrait UIInterfaceOrientationLandscapeLeft UIInterfaceOrientationLandscapeRight";
				LD_RUNPATH_SEARCH_PATHS = (
					"$(inherited)",
					"@executable_path/Frameworks",
				);
				MARKETING_VERSION = 1.0;
				PRODUCT_BUNDLE_IDENTIFIER = "com.Poonam.NewsAPI-iOS";
				PRODUCT_NAME = "$(TARGET_NAME)";
				SWIFT_EMIT_LOC_STRINGS = YES;
				SWIFT_VERSION = 5.0;
				TARGETED_DEVICE_FAMILY = "1,2";
			};
			name = Debug;
		};
		6DE8783127ED95D700D237EA /* Release */ = {
			isa = XCBuildConfiguration;
			baseConfigurationReference = E77F124788D107F1282F3334 /* Pods-NewsAPI_iOS.release.xcconfig */;
			buildSettings = {
				ASSETCATALOG_COMPILER_APPICON_NAME = AppIcon;
				ASSETCATALOG_COMPILER_GLOBAL_ACCENT_COLOR_NAME = AccentColor;
				CODE_SIGN_STYLE = Automatic;
				CURRENT_PROJECT_VERSION = 1;
				DEVELOPMENT_TEAM = UZ99UKNXZV;
				GENERATE_INFOPLIST_FILE = YES;
				INFOPLIST_FILE = NewsAPI_iOS/Info.plist;
				INFOPLIST_KEY_UIApplicationSupportsIndirectInputEvents = YES;
				INFOPLIST_KEY_UILaunchStoryboardName = LaunchScreen;
				INFOPLIST_KEY_UIMainStoryboardFile = Main;
				INFOPLIST_KEY_UISupportedInterfaceOrientations_iPad = "UIInterfaceOrientationPortrait UIInterfaceOrientationPortraitUpsideDown UIInterfaceOrientationLandscapeLeft UIInterfaceOrientationLandscapeRight";
				INFOPLIST_KEY_UISupportedInterfaceOrientations_iPhone = "UIInterfaceOrientationPortrait UIInterfaceOrientationLandscapeLeft UIInterfaceOrientationLandscapeRight";
				LD_RUNPATH_SEARCH_PATHS = (
					"$(inherited)",
					"@executable_path/Frameworks",
				);
				MARKETING_VERSION = 1.0;
				PRODUCT_BUNDLE_IDENTIFIER = "com.Poonam.NewsAPI-iOS";
				PRODUCT_NAME = "$(TARGET_NAME)";
				SWIFT_EMIT_LOC_STRINGS = YES;
				SWIFT_VERSION = 5.0;
				TARGETED_DEVICE_FAMILY = "1,2";
			};
			name = Release;
		};
/* End XCBuildConfiguration section */

/* Begin XCConfigurationList section */
		6DE8781627ED95D600D237EA /* Build configuration list for PBXProject "NewsAPI_iOS" */ = {
			isa = XCConfigurationList;
			buildConfigurations = (
				6DE8782D27ED95D700D237EA /* Debug */,
				6DE8782E27ED95D700D237EA /* Release */,
			);
			defaultConfigurationIsVisible = 0;
			defaultConfigurationName = Release;
		};
		6DE8782F27ED95D700D237EA /* Build configuration list for PBXNativeTarget "NewsAPI_iOS" */ = {
			isa = XCConfigurationList;
			buildConfigurations = (
				6DE8783027ED95D700D237EA /* Debug */,
				6DE8783127ED95D700D237EA /* Release */,
			);
			defaultConfigurationIsVisible = 0;
			defaultConfigurationName = Release;
		};
/* End XCConfigurationList section */
	};
	rootObject = 6DE8781327ED95D600D237EA /* Project object */;
}
